
Microsoft Visual Studio Solution File, Format Version 12.00
# Visual Studio Version 17
VisualStudioVersion = 17.5.33516.290
MinimumVisualStudioVersion = 10.0.40219.1
Project("{9A19103F-16F7-4668-BE54-9A1E7A4F7556}") = "InfoCenter", "InfoCenter\InfoCenter.csproj", "{9006699E-4656-4438-B0EA-A34E4700DBBD}"
EndProject
Global
	GlobalSection(SolutionConfigurationPlatforms) = preSolution
		Debug|Any CPU = Debug|Any CPU
		Release|Any CPU = Release|Any CPU
	EndGlobalSection
	GlobalSection(ProjectConfigurationPlatforms) = postSolution
		{9006699E-4656-4438-B0EA-A34E4700DBBD}.Debug|Any CPU.ActiveCfg = Debug|Any CPU
		{9006699E-4656-4438-B0EA-A34E4700DBBD}.Debug|Any CPU.Build.0 = Debug|Any CPU
		{9006699E-4656-4438-B0EA-A34E4700DBBD}.Release|Any CPU.ActiveCfg = Release|Any CPU
		{9006699E-4656-4438-B0EA-A34E4700DBBD}.Release|Any CPU.Build.0 = Release|Any CPU
	EndGlobalSection
	GlobalSection(SolutionProperties) = preSolution
		HideSolutionNode = FALSE
	EndGlobalSection
	GlobalSection(ExtensibilityGlobals) = postSolution
		SolutionGuid = {F8D9C552-7DD8-483A-8972-688350BD4345}
	EndGlobalSection
EndGlobal
